// !$*UTF8*$!
{
	archiveVersion = 1;
	classes = {
	};
	objectVersion = 55;
	objects = {

/* Begin PBXBuildFile section */
		9E4AC61E272462820077602D /* BtnDesign.swift in Sources */ = {isa = PBXBuildFile; fileRef = 9E4AC61D272462820077602D /* BtnDesign.swift */; };
		9ED3ADDD2722E36E006AF8B8 /* AppDelegate.swift in Sources */ = {isa = PBXBuildFile; fileRef = 9ED3ADDC2722E36E006AF8B8 /* AppDelegate.swift */; };
		9ED3ADDF2722E36E006AF8B8 /* SceneDelegate.swift in Sources */ = {isa = PBXBuildFile; fileRef = 9ED3ADDE2722E36E006AF8B8 /* SceneDelegate.swift */; };
		9ED3ADE12722E36E006AF8B8 /* ViewController.swift in Sources */ = {isa = PBXBuildFile; fileRef = 9ED3ADE02722E36E006AF8B8 /* ViewController.swift */; };
		9ED3ADE42722E36E006AF8B8 /* Main.storyboard in Resources */ = {isa = PBXBuildFile; fileRef = 9ED3ADE22722E36E006AF8B8 /* Main.storyboard */; };
		9ED3ADE62722E371006AF8B8 /* Assets.xcassets in Resources */ = {isa = PBXBuildFile; fileRef = 9ED3ADE52722E371006AF8B8 /* Assets.xcassets */; };
		9ED3ADE92722E371006AF8B8 /* LaunchScreen.storyboard in Resources */ = {isa = PBXBuildFile; fileRef = 9ED3ADE72722E371006AF8B8 /* LaunchScreen.storyboard */; };
		9ED3ADF42722E371006AF8B8 /* calculappTests.swift in Sources */ = {isa = PBXBuildFile; fileRef = 9ED3ADF32722E371006AF8B8 /* calculappTests.swift */; };
		9ED3ADFE2722E371006AF8B8 /* calculappUITests.swift in Sources */ = {isa = PBXBuildFile; fileRef = 9ED3ADFD2722E371006AF8B8 /* calculappUITests.swift */; };
		9ED3AE002722E371006AF8B8 /* calculappUITestsLaunchTests.swift in Sources */ = {isa = PBXBuildFile; fileRef = 9ED3ADFF2722E371006AF8B8 /* calculappUITestsLaunchTests.swift */; };
		9ED3AE1027237ABE006AF8B8 /* CalculateViewController.swift in Sources */ = {isa = PBXBuildFile; fileRef = 9ED3AE0F27237ABE006AF8B8 /* CalculateViewController.swift */; };
		9ED3AE1227237B27006AF8B8 /* ChartViewController.swift in Sources */ = {isa = PBXBuildFile; fileRef = 9ED3AE1127237B27006AF8B8 /* ChartViewController.swift */; };
		9ED3AE142723FEAC006AF8B8 /* Form.swift in Sources */ = {isa = PBXBuildFile; fileRef = 9ED3AE132723FEAC006AF8B8 /* Form.swift */; };
/* End PBXBuildFile section */

/* Begin PBXContainerItemProxy section */
		9ED3ADF02722E371006AF8B8 /* PBXContainerItemProxy */ = {
			isa = PBXContainerItemProxy;
			containerPortal = 9ED3ADD12722E36E006AF8B8 /* Project object */;
			proxyType = 1;
			remoteGlobalIDString = 9ED3ADD82722E36E006AF8B8;
			remoteInfo = calculapp;
		};
		9ED3ADFA2722E371006AF8B8 /* PBXContainerItemProxy */ = {
			isa = PBXContainerItemProxy;
			containerPortal = 9ED3ADD12722E36E006AF8B8 /* Project object */;
			proxyType = 1;
			remoteGlobalIDString = 9ED3ADD82722E36E006AF8B8;
			remoteInfo = calculapp;
		};
/* End PBXContainerItemProxy section */

/* Begin PBXFileReference section */
		9E4AC61D272462820077602D /* BtnDesign.swift */ = {isa = PBXFileReference; lastKnownFileType = sourcecode.swift; path = BtnDesign.swift; sourceTree = "<group>"; };
		9ED3ADD92722E36E006AF8B8 /* calculapp.app */ = {isa = PBXFileReference; explicitFileType = wrapper.application; includeInIndex = 0; path = calculapp.app; sourceTree = BUILT_PRODUCTS_DIR; };
		9ED3ADDC2722E36E006AF8B8 /* AppDelegate.swift */ = {isa = PBXFileReference; lastKnownFileType = sourcecode.swift; path = AppDelegate.swift; sourceTree = "<group>"; };
		9ED3ADDE2722E36E006AF8B8 /* SceneDelegate.swift */ = {isa = PBXFileReference; lastKnownFileType = sourcecode.swift; path = SceneDelegate.swift; sourceTree = "<group>"; };
		9ED3ADE02722E36E006AF8B8 /* ViewController.swift */ = {isa = PBXFileReference; lastKnownFileType = sourcecode.swift; path = ViewController.swift; sourceTree = "<group>"; };
		9ED3ADE32722E36E006AF8B8 /* Base */ = {isa = PBXFileReference; lastKnownFileType = file.storyboard; name = Base; path = Base.lproj/Main.storyboard; sourceTree = "<group>"; };
		9ED3ADE52722E371006AF8B8 /* Assets.xcassets */ = {isa = PBXFileReference; lastKnownFileType = folder.assetcatalog; path = Assets.xcassets; sourceTree = "<group>"; };
		9ED3ADE82722E371006AF8B8 /* Base */ = {isa = PBXFileReference; lastKnownFileType = file.storyboard; name = Base; path = Base.lproj/LaunchScreen.storyboard; sourceTree = "<group>"; };
		9ED3ADEA2722E371006AF8B8 /* Info.plist */ = {isa = PBXFileReference; lastKnownFileType = text.plist.xml; path = Info.plist; sourceTree = "<group>"; };
		9ED3ADEF2722E371006AF8B8 /* calculappTests.xctest */ = {isa = PBXFileReference; explicitFileType = wrapper.cfbundle; includeInIndex = 0; path = calculappTests.xctest; sourceTree = BUILT_PRODUCTS_DIR; };
		9ED3ADF32722E371006AF8B8 /* calculappTests.swift */ = {isa = PBXFileReference; lastKnownFileType = sourcecode.swift; path = calculappTests.swift; sourceTree = "<group>"; };
		9ED3ADF92722E371006AF8B8 /* calculappUITests.xctest */ = {isa = PBXFileReference; explicitFileType = wrapper.cfbundle; includeInIndex = 0; path = calculappUITests.xctest; sourceTree = BUILT_PRODUCTS_DIR; };
		9ED3ADFD2722E371006AF8B8 /* calculappUITests.swift */ = {isa = PBXFileReference; lastKnownFileType = sourcecode.swift; path = calculappUITests.swift; sourceTree = "<group>"; };
		9ED3ADFF2722E371006AF8B8 /* calculappUITestsLaunchTests.swift */ = {isa = PBXFileReference; lastKnownFileType = sourcecode.swift; path = calculappUITestsLaunchTests.swift; sourceTree = "<group>"; };
		9ED3AE0F27237ABE006AF8B8 /* CalculateViewController.swift */ = {isa = PBXFileReference; lastKnownFileType = sourcecode.swift; path = CalculateViewController.swift; sourceTree = "<group>"; };
		9ED3AE1127237B27006AF8B8 /* ChartViewController.swift */ = {isa = PBXFileReference; lastKnownFileType = sourcecode.swift; path = ChartViewController.swift; sourceTree = "<group>"; };
		9ED3AE132723FEAC006AF8B8 /* Form.swift */ = {isa = PBXFileReference; lastKnownFileType = sourcecode.swift; path = Form.swift; sourceTree = "<group>"; };
/* End PBXFileReference section */

/* Begin PBXFrameworksBuildPhase section */
		9ED3ADD62722E36E006AF8B8 /* Frameworks */ = {
			isa = PBXFrameworksBuildPhase;
			buildActionMask = 2147483647;
			files = (
			);
			runOnlyForDeploymentPostprocessing = 0;
		};
		9ED3ADEC2722E371006AF8B8 /* Frameworks */ = {
			isa = PBXFrameworksBuildPhase;
			buildActionMask = 2147483647;
			files = (
			);
			runOnlyForDeploymentPostprocessing = 0;
		};
		9ED3ADF62722E371006AF8B8 /* Frameworks */ = {
			isa = PBXFrameworksBuildPhase;
			buildActionMask = 2147483647;
			files = (
			);
			runOnlyForDeploymentPostprocessing = 0;
		};
/* End PBXFrameworksBuildPhase section */

/* Begin PBXGroup section */
		9E4AC61C2724625C0077602D /* Style */ = {
			isa = PBXGroup;
			children = (
				9E4AC61D272462820077602D /* BtnDesign.swift */,
			);
			path = Style;
			sourceTree = "<group>";
		};
		9ED3ADD02722E36E006AF8B8 = {
			isa = PBXGroup;
			children = (
				9ED3ADDB2722E36E006AF8B8 /* calculapp */,
				9ED3ADF22722E371006AF8B8 /* calculappTests */,
				9ED3ADFC2722E371006AF8B8 /* calculappUITests */,
				9ED3ADDA2722E36E006AF8B8 /* Products */,
			);
			sourceTree = "<group>";
		};
		9ED3ADDA2722E36E006AF8B8 /* Products */ = {
			isa = PBXGroup;
			children = (
				9ED3ADD92722E36E006AF8B8 /* calculapp.app */,
				9ED3ADEF2722E371006AF8B8 /* calculappTests.xctest */,
				9ED3ADF92722E371006AF8B8 /* calculappUITests.xctest */,
			);
			name = Products;
			sourceTree = "<group>";
		};
		9ED3ADDB2722E36E006AF8B8 /* calculapp */ = {
			isa = PBXGroup;
			children = (
				9E4AC61C2724625C0077602D /* Style */,
				9ED3AE0E2722E475006AF8B8 /* Model */,
				9ED3AE0C2722E45F006AF8B8 /* View */,
				9ED3AE0D2722E468006AF8B8 /* Controller */,
				9ED3ADDC2722E36E006AF8B8 /* AppDelegate.swift */,
				9ED3ADDE2722E36E006AF8B8 /* SceneDelegate.swift */,
				9ED3ADE02722E36E006AF8B8 /* ViewController.swift */,
				9ED3ADE22722E36E006AF8B8 /* Main.storyboard */,
				9ED3ADE52722E371006AF8B8 /* Assets.xcassets */,
				9ED3ADE72722E371006AF8B8 /* LaunchScreen.storyboard */,
				9ED3ADEA2722E371006AF8B8 /* Info.plist */,
			);
			path = calculapp;
			sourceTree = "<group>";
		};
		9ED3ADF22722E371006AF8B8 /* calculappTests */ = {
			isa = PBXGroup;
			children = (
				9ED3ADF32722E371006AF8B8 /* calculappTests.swift */,
			);
			path = calculappTests;
			sourceTree = "<group>";
		};
		9ED3ADFC2722E371006AF8B8 /* calculappUITests */ = {
			isa = PBXGroup;
			children = (
				9ED3ADFD2722E371006AF8B8 /* calculappUITests.swift */,
				9ED3ADFF2722E371006AF8B8 /* calculappUITestsLaunchTests.swift */,
			);
			path = calculappUITests;
			sourceTree = "<group>";
		};
		9ED3AE0C2722E45F006AF8B8 /* View */ = {
			isa = PBXGroup;
			children = (
			);
			path = View;
			sourceTree = "<group>";
		};
		9ED3AE0D2722E468006AF8B8 /* Controller */ = {
			isa = PBXGroup;
			children = (
				9ED3AE0F27237ABE006AF8B8 /* CalculateViewController.swift */,
				9ED3AE1127237B27006AF8B8 /* ChartViewController.swift */,
			);
			path = Controller;
			sourceTree = "<group>";
		};
		9ED3AE0E2722E475006AF8B8 /* Model */ = {
			isa = PBXGroup;
			children = (
				9ED3AE132723FEAC006AF8B8 /* Form.swift */,
			);
			path = Model;
			sourceTree = "<group>";
		};
/* End PBXGroup section */

/* Begin PBXNativeTarget section */
		9ED3ADD82722E36E006AF8B8 /* calculapp */ = {
			isa = PBXNativeTarget;
			buildConfigurationList = 9ED3AE032722E371006AF8B8 /* Build configuration list for PBXNativeTarget "calculapp" */;
			buildPhases = (
				9ED3ADD52722E36E006AF8B8 /* Sources */,
				9ED3ADD62722E36E006AF8B8 /* Frameworks */,
				9ED3ADD72722E36E006AF8B8 /* Resources */,
			);
			buildRules = (
			);
			dependencies = (
			);
			name = calculapp;
			productName = calculapp;
			productReference = 9ED3ADD92722E36E006AF8B8 /* calculapp.app */;
			productType = "com.apple.product-type.application";
		};
		9ED3ADEE2722E371006AF8B8 /* calculappTests */ = {
			isa = PBXNativeTarget;
			buildConfigurationList = 9ED3AE062722E371006AF8B8 /* Build configuration list for PBXNativeTarget "calculappTests" */;
			buildPhases = (
				9ED3ADEB2722E371006AF8B8 /* Sources */,
				9ED3ADEC2722E371006AF8B8 /* Frameworks */,
				9ED3ADED2722E371006AF8B8 /* Resources */,
			);
			buildRules = (
			);
			dependencies = (
				9ED3ADF12722E371006AF8B8 /* PBXTargetDependency */,
			);
			name = calculappTests;
			productName = calculappTests;
			productReference = 9ED3ADEF2722E371006AF8B8 /* calculappTests.xctest */;
			productType = "com.apple.product-type.bundle.unit-test";
		};
		9ED3ADF82722E371006AF8B8 /* calculappUITests */ = {
			isa = PBXNativeTarget;
			buildConfigurationList = 9ED3AE092722E371006AF8B8 /* Build configuration list for PBXNativeTarget "calculappUITests" */;
			buildPhases = (
				9ED3ADF52722E371006AF8B8 /* Sources */,
				9ED3ADF62722E371006AF8B8 /* Frameworks */,
				9ED3ADF72722E371006AF8B8 /* Resources */,
			);
			buildRules = (
			);
			dependencies = (
				9ED3ADFB2722E371006AF8B8 /* PBXTargetDependency */,
			);
			name = calculappUITests;
			productName = calculappUITests;
			productReference = 9ED3ADF92722E371006AF8B8 /* calculappUITests.xctest */;
			productType = "com.apple.product-type.bundle.ui-testing";
		};
/* End PBXNativeTarget section */

/* Begin PBXProject section */
		9ED3ADD12722E36E006AF8B8 /* Project object */ = {
			isa = PBXProject;
			attributes = {
				BuildIndependentTargetsInParallel = 1;
				LastSwiftUpdateCheck = 1300;
				LastUpgradeCheck = 1300;
				TargetAttributes = {
					9ED3ADD82722E36E006AF8B8 = {
						CreatedOnToolsVersion = 13.0;
					};
					9ED3ADEE2722E371006AF8B8 = {
						CreatedOnToolsVersion = 13.0;
						TestTargetID = 9ED3ADD82722E36E006AF8B8;
					};
					9ED3ADF82722E371006AF8B8 = {
						CreatedOnToolsVersion = 13.0;
						TestTargetID = 9ED3ADD82722E36E006AF8B8;
					};
				};
			};
			buildConfigurationList = 9ED3ADD42722E36E006AF8B8 /* Build configuration list for PBXProject "calculapp" */;
			compatibilityVersion = "Xcode 13.0";
			developmentRegion = en;
			hasScannedForEncodings = 0;
			knownRegions = (
				en,
				Base,
			);
			mainGroup = 9ED3ADD02722E36E006AF8B8;
			productRefGroup = 9ED3ADDA2722E36E006AF8B8 /* Products */;
			projectDirPath = "";
			projectRoot = "";
			targets = (
				9ED3ADD82722E36E006AF8B8 /* calculapp */,
				9ED3ADEE2722E371006AF8B8 /* calculappTests */,
				9ED3ADF82722E371006AF8B8 /* calculappUITests */,
			);
		};
/* End PBXProject section */

/* Begin PBXResourcesBuildPhase section */
		9ED3ADD72722E36E006AF8B8 /* Resources */ = {
			isa = PBXResourcesBuildPhase;
			buildActionMask = 2147483647;
			files = (
				9ED3ADE92722E371006AF8B8 /* LaunchScreen.storyboard in Resources */,
				9ED3ADE62722E371006AF8B8 /* Assets.xcassets in Resources */,
				9ED3ADE42722E36E006AF8B8 /* Main.storyboard in Resources */,
			);
			runOnlyForDeploymentPostprocessing = 0;
		};
		9ED3ADED2722E371006AF8B8 /* Resources */ = {
			isa = PBXResourcesBuildPhase;
			buildActionMask = 2147483647;
			files = (
			);
			runOnlyForDeploymentPostprocessing = 0;
		};
		9ED3ADF72722E371006AF8B8 /* Resources */ = {
			isa = PBXResourcesBuildPhase;
			buildActionMask = 2147483647;
			files = (
			);
			runOnlyForDeploymentPostprocessing = 0;
		};
/* End PBXResourcesBuildPhase section */

/* Begin PBXSourcesBuildPhase section */
		9ED3ADD52722E36E006AF8B8 /* Sources */ = {
			isa = PBXSourcesBuildPhase;
			buildActionMask = 2147483647;
			files = (
				9ED3ADE12722E36E006AF8B8 /* ViewController.swift in Sources */,
				9ED3AE1027237ABE006AF8B8 /* CalculateViewController.swift in Sources */,
				9E4AC61E272462820077602D /* BtnDesign.swift in Sources */,
				9ED3ADDD2722E36E006AF8B8 /* AppDelegate.swift in Sources */,
				9ED3ADDF2722E36E006AF8B8 /* SceneDelegate.swift in Sources */,
				9ED3AE1227237B27006AF8B8 /* ChartViewController.swift in Sources */,
				9ED3AE142723FEAC006AF8B8 /* Form.swift in Sources */,
			);
			runOnlyForDeploymentPostprocessing = 0;
		};
		9ED3ADEB2722E371006AF8B8 /* Sources */ = {
			isa = PBXSourcesBuildPhase;
			buildActionMask = 2147483647;
			files = (
				9ED3ADF42722E371006AF8B8 /* calculappTests.swift in Sources */,
			);
			runOnlyForDeploymentPostprocessing = 0;
		};
		9ED3ADF52722E371006AF8B8 /* Sources */ = {
			isa = PBXSourcesBuildPhase;
			buildActionMask = 2147483647;
			files = (
				9ED3AE002722E371006AF8B8 /* calculappUITestsLaunchTests.swift in Sources */,
				9ED3ADFE2722E371006AF8B8 /* calculappUITests.swift in Sources */,
			);
			runOnlyForDeploymentPostprocessing = 0;
		};
/* End PBXSourcesBuildPhase section */

/* Begin PBXTargetDependency section */
		9ED3ADF12722E371006AF8B8 /* PBXTargetDependency */ = {
			isa = PBXTargetDependency;
			target = 9ED3ADD82722E36E006AF8B8 /* calculapp */;
			targetProxy = 9ED3ADF02722E371006AF8B8 /* PBXContainerItemProxy */;
		};
		9ED3ADFB2722E371006AF8B8 /* PBXTargetDependency */ = {
			isa = PBXTargetDependency;
			target = 9ED3ADD82722E36E006AF8B8 /* calculapp */;
			targetProxy = 9ED3ADFA2722E371006AF8B8 /* PBXContainerItemProxy */;
		};
/* End PBXTargetDependency section */

/* Begin PBXVariantGroup section */
		9ED3ADE22722E36E006AF8B8 /* Main.storyboard */ = {
			isa = PBXVariantGroup;
			children = (
				9ED3ADE32722E36E006AF8B8 /* Base */,
			);
			name = Main.storyboard;
			sourceTree = "<group>";
		};
		9ED3ADE72722E371006AF8B8 /* LaunchScreen.storyboard */ = {
			isa = PBXVariantGroup;
			children = (
				9ED3ADE82722E371006AF8B8 /* Base */,
			);
			name = LaunchScreen.storyboard;
			sourceTree = "<group>";
		};
/* End PBXVariantGroup section */

/* Begin XCBuildConfiguration section */
		9ED3AE012722E371006AF8B8 /* Debug */ = {
			isa = XCBuildConfiguration;
			buildSettings = {
				ALWAYS_SEARCH_USER_PATHS = NO;
				CLANG_ANALYZER_NONNULL = YES;
				CLANG_ANALYZER_NUMBER_OBJECT_CONVERSION = YES_AGGRESSIVE;
				CLANG_CXX_LANGUAGE_STANDARD = "gnu++17";
				CLANG_CXX_LIBRARY = "libc++";
				CLANG_ENABLE_MODULES = YES;
				CLANG_ENABLE_OBJC_ARC = YES;
				CLANG_ENABLE_OBJC_WEAK = YES;
				CLANG_WARN_BLOCK_CAPTURE_AUTORELEASING = YES;
				CLANG_WARN_BOOL_CONVERSION = YES;
				CLANG_WARN_COMMA = YES;
				CLANG_WARN_CONSTANT_CONVERSION = YES;
				CLANG_WARN_DEPRECATED_OBJC_IMPLEMENTATIONS = YES;
				CLANG_WARN_DIRECT_OBJC_ISA_USAGE = YES_ERROR;
				CLANG_WARN_DOCUMENTATION_COMMENTS = YES;
				CLANG_WARN_EMPTY_BODY = YES;
				CLANG_WARN_ENUM_CONVERSION = YES;
				CLANG_WARN_INFINITE_RECURSION = YES;
				CLANG_WARN_INT_CONVERSION = YES;
				CLANG_WARN_NON_LITERAL_NULL_CONVERSION = YES;
				CLANG_WARN_OBJC_IMPLICIT_RETAIN_SELF = YES;
				CLANG_WARN_OBJC_LITERAL_CONVERSION = YES;
				CLANG_WARN_OBJC_ROOT_CLASS = YES_ERROR;
				CLANG_WARN_QUOTED_INCLUDE_IN_FRAMEWORK_HEADER = YES;
				CLANG_WARN_RANGE_LOOP_ANALYSIS = YES;
				CLANG_WARN_STRICT_PROTOTYPES = YES;
				CLANG_WARN_SUSPICIOUS_MOVE = YES;
				CLANG_WARN_UNGUARDED_AVAILABILITY = YES_AGGRESSIVE;
				CLANG_WARN_UNREACHABLE_CODE = YES;
				CLANG_WARN__DUPLICATE_METHOD_MATCH = YES;
				COPY_PHASE_STRIP = NO;
				DEBUG_INFORMATION_FORMAT = dwarf;
				ENABLE_STRICT_OBJC_MSGSEND = YES;
				ENABLE_TESTABILITY = YES;
				GCC_C_LANGUAGE_STANDARD = gnu11;
				GCC_DYNAMIC_NO_PIC = NO;
				GCC_NO_COMMON_BLOCKS = YES;
				GCC_OPTIMIZATION_LEVEL = 0;
				GCC_PREPROCESSOR_DEFINITIONS = (
					"DEBUG=1",
					"$(inherited)",
				);
				GCC_WARN_64_TO_32_BIT_CONVERSION = YES;
				GCC_WARN_ABOUT_RETURN_TYPE = YES_ERROR;
				GCC_WARN_UNDECLARED_SELECTOR = YES;
				GCC_WARN_UNINITIALIZED_AUTOS = YES_AGGRESSIVE;
				GCC_WARN_UNUSED_FUNCTION = YES;
				GCC_WARN_UNUSED_VARIABLE = YES;
				IPHONEOS_DEPLOYMENT_TARGET = 15.0;
				MTL_ENABLE_DEBUG_INFO = INCLUDE_SOURCE;
				MTL_FAST_MATH = YES;
				ONLY_ACTIVE_ARCH = YES;
				SDKROOT = iphoneos;
				SWIFT_ACTIVE_COMPILATION_CONDITIONS = DEBUG;
				SWIFT_OPTIMIZATION_LEVEL = "-Onone";
			};
			name = Debug;
		};
		9ED3AE022722E371006AF8B8 /* Release */ = {
			isa = XCBuildConfiguration;
			buildSettings = {
				ALWAYS_SEARCH_USER_PATHS = NO;
				CLANG_ANALYZER_NONNULL = YES;
				CLANG_ANALYZER_NUMBER_OBJECT_CONVERSION = YES_AGGRESSIVE;
				CLANG_CXX_LANGUAGE_STANDARD = "gnu++17";
				CLANG_CXX_LIBRARY = "libc++";
				CLANG_ENABLE_MODULES = YES;
				CLANG_ENABLE_OBJC_ARC = YES;
				CLANG_ENABLE_OBJC_WEAK = YES;
				CLANG_WARN_BLOCK_CAPTURE_AUTORELEASING = YES;
				CLANG_WARN_BOOL_CONVERSION = YES;
				CLANG_WARN_COMMA = YES;
				CLANG_WARN_CONSTANT_CONVERSION = YES;
				CLANG_WARN_DEPRECATED_OBJC_IMPLEMENTATIONS = YES;
				CLANG_WARN_DIRECT_OBJC_ISA_USAGE = YES_ERROR;
				CLANG_WARN_DOCUMENTATION_COMMENTS = YES;
				CLANG_WARN_EMPTY_BODY = YES;
				CLANG_WARN_ENUM_CONVERSION = YES;
				CLANG_WARN_INFINITE_RECURSION = YES;
				CLANG_WARN_INT_CONVERSION = YES;
				CLANG_WARN_NON_LITERAL_NULL_CONVERSION = YES;
				CLANG_WARN_OBJC_IMPLICIT_RETAIN_SELF = YES;
				CLANG_WARN_OBJC_LITERAL_CONVERSION = YES;
				CLANG_WARN_OBJC_ROOT_CLASS = YES_ERROR;
				CLANG_WARN_QUOTED_INCLUDE_IN_FRAMEWORK_HEADER = YES;
				CLANG_WARN_RANGE_LOOP_ANALYSIS = YES;
				CLANG_WARN_STRICT_PROTOTYPES = YES;
				CLANG_WARN_SUSPICIOUS_MOVE = YES;
				CLANG_WARN_UNGUARDED_AVAILABILITY = YES_AGGRESSIVE;
				CLANG_WARN_UNREACHABLE_CODE = YES;
				CLANG_WARN__DUPLICATE_METHOD_MATCH = YES;
				COPY_PHASE_STRIP = NO;
				DEBUG_INFORMATION_FORMAT = "dwarf-with-dsym";
				ENABLE_NS_ASSERTIONS = NO;
				ENABLE_STRICT_OBJC_MSGSEND = YES;
				GCC_C_LANGUAGE_STANDARD = gnu11;
				GCC_NO_COMMON_BLOCKS = YES;
				GCC_WARN_64_TO_32_BIT_CONVERSION = YES;
				GCC_WARN_ABOUT_RETURN_TYPE = YES_ERROR;
				GCC_WARN_UNDECLARED_SELECTOR = YES;
				GCC_WARN_UNINITIALIZED_AUTOS = YES_AGGRESSIVE;
				GCC_WARN_UNUSED_FUNCTION = YES;
				GCC_WARN_UNUSED_VARIABLE = YES;
				IPHONEOS_DEPLOYMENT_TARGET = 15.0;
				MTL_ENABLE_DEBUG_INFO = NO;
				MTL_FAST_MATH = YES;
				SDKROOT = iphoneos;
				SWIFT_COMPILATION_MODE = wholemodule;
				SWIFT_OPTIMIZATION_LEVEL = "-O";
				VALIDATE_PRODUCT = YES;
			};
			name = Release;
		};
		9ED3AE042722E371006AF8B8 /* Debug */ = {
			isa = XCBuildConfiguration;
			buildSettings = {
				ASSETCATALOG_COMPILER_APPICON_NAME = AppIcon;
				ASSETCATALOG_COMPILER_GLOBAL_ACCENT_COLOR_NAME = AccentColor;
				CODE_SIGN_STYLE = Automatic;
				CURRENT_PROJECT_VERSION = 1;
				DEVELOPMENT_TEAM = YM9MTQS82Z;
				GENERATE_INFOPLIST_FILE = YES;
				INFOPLIST_FILE = calculapp/Info.plist;
				INFOPLIST_KEY_UIApplicationSupportsIndirectInputEvents = YES;
				INFOPLIST_KEY_UILaunchStoryboardName = LaunchScreen;
				INFOPLIST_KEY_UIMainStoryboardFile = Main;
				INFOPLIST_KEY_UISupportedInterfaceOrientations_iPad = "UIInterfaceOrientationPortrait UIInterfaceOrientationPortraitUpsideDown UIInterfaceOrientationLandscapeLeft UIInterfaceOrientationLandscapeRight";
				INFOPLIST_KEY_UISupportedInterfaceOrientations_iPhone = "UIInterfaceOrientationPortrait UIInterfaceOrientationLandscapeLeft UIInterfaceOrientationLandscapeRight";
				LD_RUNPATH_SEARCH_PATHS = (
					"$(inherited)",
					"@executable_path/Frameworks",
				);
				MARKETING_VERSION = 1.0;
				PRODUCT_BUNDLE_IDENTIFIER = com.spoonlava.calculapp;
				PRODUCT_NAME = "$(TARGET_NAME)";
				SWIFT_EMIT_LOC_STRINGS = YES;
				SWIFT_VERSION = 5.0;
				TARGETED_DEVICE_FAMILY = "1,2";
			};
			name = Debug;
		};
		9ED3AE052722E371006AF8B8 /* Release */ = {
			isa = XCBuildConfiguration;
			buildSettings = {
				ASSETCATALOG_COMPILER_APPICON_NAME = AppIcon;
				ASSETCATALOG_COMPILER_GLOBAL_ACCENT_COLOR_NAME = AccentColor;
				CODE_SIGN_STYLE = Automatic;
				CURRENT_PROJECT_VERSION = 1;
				DEVELOPMENT_TEAM = YM9MTQS82Z;
				GENERATE_INFOPLIST_FILE = YES;
				INFOPLIST_FILE = calculapp/Info.plist;
				INFOPLIST_KEY_UIApplicationSupportsIndirectInputEvents = YES;
				INFOPLIST_KEY_UILaunchStoryboardName = LaunchScreen;
				INFOPLIST_KEY_UIMainStoryboardFile = Main;
				INFOPLIST_KEY_UISupportedInterfaceOrientations_iPad = "UIInterfaceOrientationPortrait UIInterfaceOrientationPortraitUpsideDown UIInterfaceOrientationLandscapeLeft UIInterfaceOrientationLandscapeRight";
				INFOPLIST_KEY_UISupportedInterfaceOrientations_iPhone = "UIInterfaceOrientationPortrait UIInterfaceOrientationLandscapeLeft UIInterfaceOrientationLandscapeRight";
				LD_RUNPATH_SEARCH_PATHS = (
					"$(inherited)",
					"@executable_path/Frameworks",
				);
				MARKETING_VERSION = 1.0;
				PRODUCT_BUNDLE_IDENTIFIER = com.spoonlava.calculapp;
				PRODUCT_NAME = "$(TARGET_NAME)";
				SWIFT_EMIT_LOC_STRINGS = YES;
				SWIFT_VERSION = 5.0;
				TARGETED_DEVICE_FAMILY = "1,2";
			};
			name = Release;
		};
		9ED3AE072722E371006AF8B8 /* Debug */ = {
			isa = XCBuildConfiguration;
			buildSettings = {
				ALWAYS_EMBED_SWIFT_STANDARD_LIBRARIES = YES;
				BUNDLE_LOADER = "$(TEST_HOST)";
				CODE_SIGN_STYLE = Automatic;
				CURRENT_PROJECT_VERSION = 1;
				DEVELOPMENT_TEAM = GQYLWZMATG;
				GENERATE_INFOPLIST_FILE = YES;
				IPHONEOS_DEPLOYMENT_TARGET = 15.0;
				LD_RUNPATH_SEARCH_PATHS = (
					"$(inherited)",
					"@executable_path/Frameworks",
					"@loader_path/Frameworks",
				);
				MARKETING_VERSION = 1.0;
				PRODUCT_BUNDLE_IDENTIFIER = com.lavaspoon.calculappTests;
				PRODUCT_NAME = "$(TARGET_NAME)";
				SWIFT_EMIT_LOC_STRINGS = NO;
				SWIFT_VERSION = 5.0;
				TARGETED_DEVICE_FAMILY = "1,2";
				TEST_HOST = "$(BUILT_PRODUCTS_DIR)/calculapp.app/calculapp";
			};
			name = Debug;
		};
		9ED3AE082722E371006AF8B8 /* Release */ = {
			isa = XCBuildConfiguration;
			buildSettings = {
				ALWAYS_EMBED_SWIFT_STANDARD_LIBRARIES = YES;
				BUNDLE_LOADER = "$(TEST_HOST)";
				CODE_SIGN_STYLE = Automatic;
				CURRENT_PROJECT_VERSION = 1;
				DEVELOPMENT_TEAM = GQYLWZMATG;
				GENERATE_INFOPLIST_FILE = YES;
				IPHONEOS_DEPLOYMENT_TARGET = 15.0;
				LD_RUNPATH_SEARCH_PATHS = (
					"$(inherited)",
					"@executable_path/Frameworks",
					"@loader_path/Frameworks",
				);
				MARKETING_VERSION = 1.0;
				PRODUCT_BUNDLE_IDENTIFIER = com.lavaspoon.calculappTests;
				PRODUCT_NAME = "$(TARGET_NAME)";
				SWIFT_EMIT_LOC_STRINGS = NO;
				SWIFT_VERSION = 5.0;
				TARGETED_DEVICE_FAMILY = "1,2";
				TEST_HOST = "$(BUILT_PRODUCTS_DIR)/calculapp.app/calculapp";
			};
			name = Release;
		};
		9ED3AE0A2722E371006AF8B8 /* Debug */ = {
			isa = XCBuildConfiguration;
			buildSettings = {
				ALWAYS_EMBED_SWIFT_STANDARD_LIBRARIES = YES;
				CODE_SIGN_STYLE = Automatic;
				CURRENT_PROJECT_VERSION = 1;
				DEVELOPMENT_TEAM = GQYLWZMATG;
				GENERATE_INFOPLIST_FILE = YES;
				LD_RUNPATH_SEARCH_PATHS = (
					"$(inherited)",
					"@executable_path/Frameworks",
					"@loader_path/Frameworks",
				);
				MARKETING_VERSION = 1.0;
				PRODUCT_BUNDLE_IDENTIFIER = com.lavaspoon.calculappUITests;
				PRODUCT_NAME = "$(TARGET_NAME)";
				SWIFT_EMIT_LOC_STRINGS = NO;
				SWIFT_VERSION = 5.0;
				TARGETED_DEVICE_FAMILY = "1,2";
				TEST_TARGET_NAME = calculapp;
			};
			name = Debug;
		};
		9ED3AE0B2722E371006AF8B8 /* Release */ = {
			isa = XCBuildConfiguration;
			buildSettings = {
				ALWAYS_EMBED_SWIFT_STANDARD_LIBRARIES = YES;
				CODE_SIGN_STYLE = Automatic;
				CURRENT_PROJECT_VERSION = 1;
				DEVELOPMENT_TEAM = GQYLWZMATG;
				GENERATE_INFOPLIST_FILE = YES;
				LD_RUNPATH_SEARCH_PATHS = (
					"$(inherited)",
					"@executable_path/Frameworks",
					"@loader_path/Frameworks",
				);
				MARKETING_VERSION = 1.0;
				PRODUCT_BUNDLE_IDENTIFIER = com.lavaspoon.calculappUITests;
				PRODUCT_NAME = "$(TARGET_NAME)";
				SWIFT_EMIT_LOC_STRINGS = NO;
				SWIFT_VERSION = 5.0;
				TARGETED_DEVICE_FAMILY = "1,2";
				TEST_TARGET_NAME = calculapp;
			};
			name = Release;
		};
/* End XCBuildConfiguration section */

/* Begin XCConfigurationList section */
		9ED3ADD42722E36E006AF8B8 /* Build configuration list for PBXProject "calculapp" */ = {
			isa = XCConfigurationList;
			buildConfigurations = (
				9ED3AE012722E371006AF8B8 /* Debug */,
				9ED3AE022722E371006AF8B8 /* Release */,
			);
			defaultConfigurationIsVisible = 0;
			defaultConfigurationName = Release;
		};
		9ED3AE032722E371006AF8B8 /* Build configuration list for PBXNativeTarget "calculapp" */ = {
			isa = XCConfigurationList;
			buildConfigurations = (
				9ED3AE042722E371006AF8B8 /* Debug */,
				9ED3AE052722E371006AF8B8 /* Release */,
			);
			defaultConfigurationIsVisible = 0;
			defaultConfigurationName = Release;
		};
		9ED3AE062722E371006AF8B8 /* Build configuration list for PBXNativeTarget "calculappTests" */ = {
			isa = XCConfigurationList;
			buildConfigurations = (
				9ED3AE072722E371006AF8B8 /* Debug */,
				9ED3AE082722E371006AF8B8 /* Release */,
			);
			defaultConfigurationIsVisible = 0;
			defaultConfigurationName = Release;
		};
		9ED3AE092722E371006AF8B8 /* Build configuration list for PBXNativeTarget "calculappUITests" */ = {
			isa = XCConfigurationList;
			buildConfigurations = (
				9ED3AE0A2722E371006AF8B8 /* Debug */,
				9ED3AE0B2722E371006AF8B8 /* Release */,
			);
			defaultConfigurationIsVisible = 0;
			defaultConfigurationName = Release;
		};
/* End XCConfigurationList section */
	};
	rootObject = 9ED3ADD12722E36E006AF8B8 /* Project object */;
}
